
Microsoft Visual Studio Solution File, Format Version 12.00
# Visual Studio Version 17
VisualStudioVersion = 17.1.32210.238
MinimumVisualStudioVersion = 10.0.40219.1
Project("{FAE04EC0-301F-11D3-BF4B-00C04F79EFBC}") = "ficha1", "ficha1\ficha1.csproj", "{EB63B606-880C-40D3-BC3F-F9083CD32654}"
EndProject
Global
	GlobalSection(SolutionConfigurationPlatforms) = preSolution
		Debug|Any CPU = Debug|Any CPU
		Release|Any CPU = Release|Any CPU
	EndGlobalSection
	GlobalSection(ProjectConfigurationPlatforms) = postSolution
		{EB63B606-880C-40D3-BC3F-F9083CD32654}.Debug|Any CPU.ActiveCfg = Debug|Any CPU
		{EB63B606-880C-40D3-BC3F-F9083CD32654}.Debug|Any CPU.Build.0 = Debug|Any CPU
		{EB63B606-880C-40D3-BC3F-F9083CD32654}.Release|Any CPU.ActiveCfg = Release|Any CPU
		{EB63B606-880C-40D3-BC3F-F9083CD32654}.Release|Any CPU.Build.0 = Release|Any CPU
	EndGlobalSection
	GlobalSection(SolutionProperties) = preSolution
		HideSolutionNode = FALSE
	EndGlobalSection
	GlobalSection(ExtensibilityGlobals) = postSolution
		SolutionGuid = {43E7E484-19F9-46AD-BCDE-1EDBD57460C8}
	EndGlobalSection
EndGlobal
